
Microsoft Visual Studio Solution File, Format Version 12.00
Project("{FAE04EC0-301F-11D3-BF4B-00C04F79EFBC}") = "Application", "Application\Application.csproj", "{B83FCDD3-EB1A-4798-BA9D-C8C551AEAAB9}"
EndProject
Project("{FAE04EC0-301F-11D3-BF4B-00C04F79EFBC}") = "Domain", "Domain\Domain.csproj", "{7BC96D18-5AE2-458D-AD75-BF5BE44BF3CA}"
EndProject
Project("{FAE04EC0-301F-11D3-BF4B-00C04F79EFBC}") = "Infrastructure", "Infrastructure\Infrastructure.csproj", "{B921DD8A-71F5-46C7-9896-527BAB2FDBC8}"
EndProject
Project("{FAE04EC0-301F-11D3-BF4B-00C04F79EFBC}") = "Presentation", "Presentation\Presentation.csproj", "{33452611-3204-4C4C-AC85-0EBAF0451C40}"
EndProject
Project("{FAE04EC0-301F-11D3-BF4B-00C04F79EFBC}") = "Web", "Web\Web.csproj", "{C675C496-25A7-4ED7-9709-B2B4FE434769}"
EndProject
Project("{FAE04EC0-301F-11D3-BF4B-00C04F79EFBC}") = "docker-compose", "docker-compose.dcproj", "{EFDB57CC-0524-473D-B399-A0E6FDCC54B8}"
EndProject
Project("{2150E333-8FDC-42A3-9474-1A3956D46DE8}") = "src", "src", "{002ED6E3-4D1F-424E-BB55-C7565511CDE3}"
EndProject
Project("{2150E333-8FDC-42A3-9474-1A3956D46DE8}") = "test", "test", "{52FD1F24-6EF4-498C-9F46-5E42008A6314}"
EndProject
Project("{FAE04EC0-301F-11D3-BF4B-00C04F79EFBC}") = "Architecture.Tests", "Architecture.Tests\Architecture.Tests.csproj", "{421CB760-4ACC-40BF-9043-B96D7A22FE75}"
EndProject
Project("{2150E333-8FDC-42A3-9474-1A3956D46DE8}") = "Core", "Core", "{07877BF9-4CD6-41CA-8346-9EB6BD14729B}"
EndProject
Global
	GlobalSection(SolutionConfigurationPlatforms) = preSolution
		Debug|Any CPU = Debug|Any CPU
		Release|Any CPU = Release|Any CPU
	EndGlobalSection
	GlobalSection(ProjectConfigurationPlatforms) = postSolution
		{B83FCDD3-EB1A-4798-BA9D-C8C551AEAAB9}.Debug|Any CPU.ActiveCfg = Debug|Any CPU
		{B83FCDD3-EB1A-4798-BA9D-C8C551AEAAB9}.Debug|Any CPU.Build.0 = Debug|Any CPU
		{B83FCDD3-EB1A-4798-BA9D-C8C551AEAAB9}.Release|Any CPU.ActiveCfg = Release|Any CPU
		{B83FCDD3-EB1A-4798-BA9D-C8C551AEAAB9}.Release|Any CPU.Build.0 = Release|Any CPU
		{7BC96D18-5AE2-458D-AD75-BF5BE44BF3CA}.Debug|Any CPU.ActiveCfg = Debug|Any CPU
		{7BC96D18-5AE2-458D-AD75-BF5BE44BF3CA}.Debug|Any CPU.Build.0 = Debug|Any CPU
		{7BC96D18-5AE2-458D-AD75-BF5BE44BF3CA}.Release|Any CPU.ActiveCfg = Release|Any CPU
		{7BC96D18-5AE2-458D-AD75-BF5BE44BF3CA}.Release|Any CPU.Build.0 = Release|Any CPU
		{B921DD8A-71F5-46C7-9896-527BAB2FDBC8}.Debug|Any CPU.ActiveCfg = Debug|Any CPU
		{B921DD8A-71F5-46C7-9896-527BAB2FDBC8}.Debug|Any CPU.Build.0 = Debug|Any CPU
		{B921DD8A-71F5-46C7-9896-527BAB2FDBC8}.Release|Any CPU.ActiveCfg = Release|Any CPU
		{B921DD8A-71F5-46C7-9896-527BAB2FDBC8}.Release|Any CPU.Build.0 = Release|Any CPU
		{33452611-3204-4C4C-AC85-0EBAF0451C40}.Debug|Any CPU.ActiveCfg = Debug|Any CPU
		{33452611-3204-4C4C-AC85-0EBAF0451C40}.Debug|Any CPU.Build.0 = Debug|Any CPU
		{33452611-3204-4C4C-AC85-0EBAF0451C40}.Release|Any CPU.ActiveCfg = Release|Any CPU
		{33452611-3204-4C4C-AC85-0EBAF0451C40}.Release|Any CPU.Build.0 = Release|Any CPU
		{C675C496-25A7-4ED7-9709-B2B4FE434769}.Debug|Any CPU.ActiveCfg = Debug|Any CPU
		{C675C496-25A7-4ED7-9709-B2B4FE434769}.Debug|Any CPU.Build.0 = Debug|Any CPU
		{C675C496-25A7-4ED7-9709-B2B4FE434769}.Release|Any CPU.ActiveCfg = Release|Any CPU
		{C675C496-25A7-4ED7-9709-B2B4FE434769}.Release|Any CPU.Build.0 = Release|Any CPU
		{EFDB57CC-0524-473D-B399-A0E6FDCC54B8}.Debug|Any CPU.ActiveCfg = Debug|Any CPU
		{EFDB57CC-0524-473D-B399-A0E6FDCC54B8}.Debug|Any CPU.Build.0 = Debug|Any CPU
		{EFDB57CC-0524-473D-B399-A0E6FDCC54B8}.Release|Any CPU.ActiveCfg = Debug|Any CPU
		{EFDB57CC-0524-473D-B399-A0E6FDCC54B8}.Release|Any CPU.Build.0 = Debug|Any CPU
		{421CB760-4ACC-40BF-9043-B96D7A22FE75}.Debug|Any CPU.ActiveCfg = Debug|Any CPU
		{421CB760-4ACC-40BF-9043-B96D7A22FE75}.Debug|Any CPU.Build.0 = Debug|Any CPU
		{421CB760-4ACC-40BF-9043-B96D7A22FE75}.Release|Any CPU.ActiveCfg = Release|Any CPU
		{421CB760-4ACC-40BF-9043-B96D7A22FE75}.Release|Any CPU.Build.0 = Release|Any CPU
	EndGlobalSection
	GlobalSection(NestedProjects) = preSolution
		{B83FCDD3-EB1A-4798-BA9D-C8C551AEAAB9} = {002ED6E3-4D1F-424E-BB55-C7565511CDE3}
		{EFDB57CC-0524-473D-B399-A0E6FDCC54B8} = {002ED6E3-4D1F-424E-BB55-C7565511CDE3}
		{7BC96D18-5AE2-458D-AD75-BF5BE44BF3CA} = {002ED6E3-4D1F-424E-BB55-C7565511CDE3}
		{B921DD8A-71F5-46C7-9896-527BAB2FDBC8} = {002ED6E3-4D1F-424E-BB55-C7565511CDE3}
		{33452611-3204-4C4C-AC85-0EBAF0451C40} = {002ED6E3-4D1F-424E-BB55-C7565511CDE3}
		{C675C496-25A7-4ED7-9709-B2B4FE434769} = {002ED6E3-4D1F-424E-BB55-C7565511CDE3}
		{421CB760-4ACC-40BF-9043-B96D7A22FE75} = {52FD1F24-6EF4-498C-9F46-5E42008A6314}
		{07877BF9-4CD6-41CA-8346-9EB6BD14729B} = {002ED6E3-4D1F-424E-BB55-C7565511CDE3}
	EndGlobalSection
EndGlobal
